// !$*UTF8*$!
{
	archiveVersion = 1;
	classes = {
	};
	objectVersion = 56;
	objects = {

/* Begin PBXBuildFile section */
		F7877A2C2A2E268E00A19507 /* ThingsToBuyListFeature.swift in Sources */ = {isa = PBXBuildFile; fileRef = F7877A2B2A2E268E00A19507 /* ThingsToBuyListFeature.swift */; };
		F7877A2F2A2E283E00A19507 /* TinyConstraints in Frameworks */ = {isa = PBXBuildFile; productRef = F7877A2E2A2E283E00A19507 /* TinyConstraints */; };
		F7877A322A2E2B4900A19507 /* ViewControllerView.swift in Sources */ = {isa = PBXBuildFile; fileRef = F7877A312A2E2B4900A19507 /* ViewControllerView.swift */; };
		F7877A352A2E2E4300A19507 /* TableViewCell.swift in Sources */ = {isa = PBXBuildFile; fileRef = F7877A342A2E2E4300A19507 /* TableViewCell.swift */; };
		F7877A372A2E37DF00A19507 /* Extensions.swift in Sources */ = {isa = PBXBuildFile; fileRef = F7877A362A2E37DF00A19507 /* Extensions.swift */; };
		F787EBCD2A3213E0002993B0 /* CheckBox.swift in Sources */ = {isa = PBXBuildFile; fileRef = F787EBCC2A3213E0002993B0 /* CheckBox.swift */; };
		F7C29F812A2E1055006116BA /* AppDelegate.swift in Sources */ = {isa = PBXBuildFile; fileRef = F7C29F802A2E1055006116BA /* AppDelegate.swift */; };
		F7C29F832A2E1055006116BA /* SceneDelegate.swift in Sources */ = {isa = PBXBuildFile; fileRef = F7C29F822A2E1055006116BA /* SceneDelegate.swift */; };
		F7C29F852A2E1055006116BA /* ViewController.swift in Sources */ = {isa = PBXBuildFile; fileRef = F7C29F842A2E1055006116BA /* ViewController.swift */; };
		F7C29F8A2A2E1056006116BA /* Assets.xcassets in Resources */ = {isa = PBXBuildFile; fileRef = F7C29F892A2E1056006116BA /* Assets.xcassets */; };
		F7C29F8D2A2E1056006116BA /* LaunchScreen.storyboard in Resources */ = {isa = PBXBuildFile; fileRef = F7C29F8B2A2E1056006116BA /* LaunchScreen.storyboard */; };
		F7C29F982A2E1056006116BA /* ComposableArchitectureProjectTests.swift in Sources */ = {isa = PBXBuildFile; fileRef = F7C29F972A2E1056006116BA /* ComposableArchitectureProjectTests.swift */; };
		F7C29FA22A2E1057006116BA /* ComposableArchitectureProjectUITests.swift in Sources */ = {isa = PBXBuildFile; fileRef = F7C29FA12A2E1057006116BA /* ComposableArchitectureProjectUITests.swift */; };
		F7C29FA42A2E1057006116BA /* ComposableArchitectureProjectUITestsLaunchTests.swift in Sources */ = {isa = PBXBuildFile; fileRef = F7C29FA32A2E1057006116BA /* ComposableArchitectureProjectUITestsLaunchTests.swift */; };
		F7C29FB22A2E10A7006116BA /* ComposableArchitecture in Frameworks */ = {isa = PBXBuildFile; productRef = F7C29FB12A2E10A7006116BA /* ComposableArchitecture */; };
/* End PBXBuildFile section */

/* Begin PBXContainerItemProxy section */
		F7C29F942A2E1056006116BA /* PBXContainerItemProxy */ = {
			isa = PBXContainerItemProxy;
			containerPortal = F7C29F752A2E1054006116BA /* Project object */;
			proxyType = 1;
			remoteGlobalIDString = F7C29F7C2A2E1054006116BA;
			remoteInfo = ComposableArchitectureProject;
		};
		F7C29F9E2A2E1057006116BA /* PBXContainerItemProxy */ = {
			isa = PBXContainerItemProxy;
			containerPortal = F7C29F752A2E1054006116BA /* Project object */;
			proxyType = 1;
			remoteGlobalIDString = F7C29F7C2A2E1054006116BA;
			remoteInfo = ComposableArchitectureProject;
		};
/* End PBXContainerItemProxy section */

/* Begin PBXFileReference section */
		F7877A2B2A2E268E00A19507 /* ThingsToBuyListFeature.swift */ = {isa = PBXFileReference; lastKnownFileType = sourcecode.swift; path = ThingsToBuyListFeature.swift; sourceTree = "<group>"; };
		F7877A312A2E2B4900A19507 /* ViewControllerView.swift */ = {isa = PBXFileReference; lastKnownFileType = sourcecode.swift; path = ViewControllerView.swift; sourceTree = "<group>"; };
		F7877A342A2E2E4300A19507 /* TableViewCell.swift */ = {isa = PBXFileReference; lastKnownFileType = sourcecode.swift; path = TableViewCell.swift; sourceTree = "<group>"; };
		F7877A362A2E37DF00A19507 /* Extensions.swift */ = {isa = PBXFileReference; lastKnownFileType = sourcecode.swift; path = Extensions.swift; sourceTree = "<group>"; };
		F787EBCC2A3213E0002993B0 /* CheckBox.swift */ = {isa = PBXFileReference; lastKnownFileType = sourcecode.swift; path = CheckBox.swift; sourceTree = "<group>"; };
		F7C29F7D2A2E1055006116BA /* ComposableArchitectureProject.app */ = {isa = PBXFileReference; explicitFileType = wrapper.application; includeInIndex = 0; path = ComposableArchitectureProject.app; sourceTree = BUILT_PRODUCTS_DIR; };
		F7C29F802A2E1055006116BA /* AppDelegate.swift */ = {isa = PBXFileReference; lastKnownFileType = sourcecode.swift; path = AppDelegate.swift; sourceTree = "<group>"; };
		F7C29F822A2E1055006116BA /* SceneDelegate.swift */ = {isa = PBXFileReference; lastKnownFileType = sourcecode.swift; path = SceneDelegate.swift; sourceTree = "<group>"; };
		F7C29F842A2E1055006116BA /* ViewController.swift */ = {isa = PBXFileReference; lastKnownFileType = sourcecode.swift; path = ViewController.swift; sourceTree = "<group>"; };
		F7C29F892A2E1056006116BA /* Assets.xcassets */ = {isa = PBXFileReference; lastKnownFileType = folder.assetcatalog; path = Assets.xcassets; sourceTree = "<group>"; };
		F7C29F8C2A2E1056006116BA /* Base */ = {isa = PBXFileReference; lastKnownFileType = file.storyboard; name = Base; path = Base.lproj/LaunchScreen.storyboard; sourceTree = "<group>"; };
		F7C29F8E2A2E1056006116BA /* Info.plist */ = {isa = PBXFileReference; lastKnownFileType = text.plist.xml; path = Info.plist; sourceTree = "<group>"; };
		F7C29F932A2E1056006116BA /* ComposableArchitectureProjectTests.xctest */ = {isa = PBXFileReference; explicitFileType = wrapper.cfbundle; includeInIndex = 0; path = ComposableArchitectureProjectTests.xctest; sourceTree = BUILT_PRODUCTS_DIR; };
		F7C29F972A2E1056006116BA /* ComposableArchitectureProjectTests.swift */ = {isa = PBXFileReference; lastKnownFileType = sourcecode.swift; path = ComposableArchitectureProjectTests.swift; sourceTree = "<group>"; };
		F7C29F9D2A2E1057006116BA /* ComposableArchitectureProjectUITests.xctest */ = {isa = PBXFileReference; explicitFileType = wrapper.cfbundle; includeInIndex = 0; path = ComposableArchitectureProjectUITests.xctest; sourceTree = BUILT_PRODUCTS_DIR; };
		F7C29FA12A2E1057006116BA /* ComposableArchitectureProjectUITests.swift */ = {isa = PBXFileReference; lastKnownFileType = sourcecode.swift; path = ComposableArchitectureProjectUITests.swift; sourceTree = "<group>"; };
		F7C29FA32A2E1057006116BA /* ComposableArchitectureProjectUITestsLaunchTests.swift */ = {isa = PBXFileReference; lastKnownFileType = sourcecode.swift; path = ComposableArchitectureProjectUITestsLaunchTests.swift; sourceTree = "<group>"; };
/* End PBXFileReference section */

/* Begin PBXFrameworksBuildPhase section */
		F7C29F7A2A2E1054006116BA /* Frameworks */ = {
			isa = PBXFrameworksBuildPhase;
			buildActionMask = 2147483647;
			files = (
				F7C29FB22A2E10A7006116BA /* ComposableArchitecture in Frameworks */,
				F7877A2F2A2E283E00A19507 /* TinyConstraints in Frameworks */,
			);
			runOnlyForDeploymentPostprocessing = 0;
		};
		F7C29F902A2E1056006116BA /* Frameworks */ = {
			isa = PBXFrameworksBuildPhase;
			buildActionMask = 2147483647;
			files = (
			);
			runOnlyForDeploymentPostprocessing = 0;
		};
		F7C29F9A2A2E1057006116BA /* Frameworks */ = {
			isa = PBXFrameworksBuildPhase;
			buildActionMask = 2147483647;
			files = (
			);
			runOnlyForDeploymentPostprocessing = 0;
		};
/* End PBXFrameworksBuildPhase section */

/* Begin PBXGroup section */
		F7877A302A2E2B2C00A19507 /* ViewController */ = {
			isa = PBXGroup;
			children = (
				F7C29F842A2E1055006116BA /* ViewController.swift */,
				F7877A312A2E2B4900A19507 /* ViewControllerView.swift */,
				F7877A342A2E2E4300A19507 /* TableViewCell.swift */,
				F787EBCC2A3213E0002993B0 /* CheckBox.swift */,
			);
			path = ViewController;
			sourceTree = "<group>";
		};
		F7877A332A2E2C0D00A19507 /* SupportingFiles */ = {
			isa = PBXGroup;
			children = (
				F7C29F802A2E1055006116BA /* AppDelegate.swift */,
				F7C29F822A2E1055006116BA /* SceneDelegate.swift */,
			);
			path = SupportingFiles;
			sourceTree = "<group>";
		};
		F7C29F742A2E1054006116BA = {
			isa = PBXGroup;
			children = (
				F7C29F7F2A2E1055006116BA /* ComposableArchitectureProject */,
				F7C29F962A2E1056006116BA /* ComposableArchitectureProjectTests */,
				F7C29FA02A2E1057006116BA /* ComposableArchitectureProjectUITests */,
				F7C29F7E2A2E1055006116BA /* Products */,
			);
			sourceTree = "<group>";
		};
		F7C29F7E2A2E1055006116BA /* Products */ = {
			isa = PBXGroup;
			children = (
				F7C29F7D2A2E1055006116BA /* ComposableArchitectureProject.app */,
				F7C29F932A2E1056006116BA /* ComposableArchitectureProjectTests.xctest */,
				F7C29F9D2A2E1057006116BA /* ComposableArchitectureProjectUITests.xctest */,
			);
			name = Products;
			sourceTree = "<group>";
		};
		F7C29F7F2A2E1055006116BA /* ComposableArchitectureProject */ = {
			isa = PBXGroup;
			children = (
				F7877A332A2E2C0D00A19507 /* SupportingFiles */,
				F7877A302A2E2B2C00A19507 /* ViewController */,
				F7877A2B2A2E268E00A19507 /* ThingsToBuyListFeature.swift */,
				F7877A362A2E37DF00A19507 /* Extensions.swift */,
				F7C29F892A2E1056006116BA /* Assets.xcassets */,
				F7C29F8B2A2E1056006116BA /* LaunchScreen.storyboard */,
				F7C29F8E2A2E1056006116BA /* Info.plist */,
			);
			path = ComposableArchitectureProject;
			sourceTree = "<group>";
		};
		F7C29F962A2E1056006116BA /* ComposableArchitectureProjectTests */ = {
			isa = PBXGroup;
			children = (
				F7C29F972A2E1056006116BA /* ComposableArchitectureProjectTests.swift */,
			);
			path = ComposableArchitectureProjectTests;
			sourceTree = "<group>";
		};
		F7C29FA02A2E1057006116BA /* ComposableArchitectureProjectUITests */ = {
			isa = PBXGroup;
			children = (
				F7C29FA12A2E1057006116BA /* ComposableArchitectureProjectUITests.swift */,
				F7C29FA32A2E1057006116BA /* ComposableArchitectureProjectUITestsLaunchTests.swift */,
			);
			path = ComposableArchitectureProjectUITests;
			sourceTree = "<group>";
		};
/* End PBXGroup section */

/* Begin PBXNativeTarget section */
		F7C29F7C2A2E1054006116BA /* ComposableArchitectureProject */ = {
			isa = PBXNativeTarget;
			buildConfigurationList = F7C29FA72A2E1057006116BA /* Build configuration list for PBXNativeTarget "ComposableArchitectureProject" */;
			buildPhases = (
				F7C29F792A2E1054006116BA /* Sources */,
				F7C29F7A2A2E1054006116BA /* Frameworks */,
				F7C29F7B2A2E1054006116BA /* Resources */,
			);
			buildRules = (
			);
			dependencies = (
			);
			name = ComposableArchitectureProject;
			packageProductDependencies = (
				F7C29FB12A2E10A7006116BA /* ComposableArchitecture */,
				F7877A2E2A2E283E00A19507 /* TinyConstraints */,
			);
			productName = ComposableArchitectureProject;
			productReference = F7C29F7D2A2E1055006116BA /* ComposableArchitectureProject.app */;
			productType = "com.apple.product-type.application";
		};
		F7C29F922A2E1056006116BA /* ComposableArchitectureProjectTests */ = {
			isa = PBXNativeTarget;
			buildConfigurationList = F7C29FAA2A2E1057006116BA /* Build configuration list for PBXNativeTarget "ComposableArchitectureProjectTests" */;
			buildPhases = (
				F7C29F8F2A2E1056006116BA /* Sources */,
				F7C29F902A2E1056006116BA /* Frameworks */,
				F7C29F912A2E1056006116BA /* Resources */,
			);
			buildRules = (
			);
			dependencies = (
				F7C29F952A2E1056006116BA /* PBXTargetDependency */,
			);
			name = ComposableArchitectureProjectTests;
			productName = ComposableArchitectureProjectTests;
			productReference = F7C29F932A2E1056006116BA /* ComposableArchitectureProjectTests.xctest */;
			productType = "com.apple.product-type.bundle.unit-test";
		};
		F7C29F9C2A2E1057006116BA /* ComposableArchitectureProjectUITests */ = {
			isa = PBXNativeTarget;
			buildConfigurationList = F7C29FAD2A2E1057006116BA /* Build configuration list for PBXNativeTarget "ComposableArchitectureProjectUITests" */;
			buildPhases = (
				F7C29F992A2E1057006116BA /* Sources */,
				F7C29F9A2A2E1057006116BA /* Frameworks */,
				F7C29F9B2A2E1057006116BA /* Resources */,
			);
			buildRules = (
			);
			dependencies = (
				F7C29F9F2A2E1057006116BA /* PBXTargetDependency */,
			);
			name = ComposableArchitectureProjectUITests;
			productName = ComposableArchitectureProjectUITests;
			productReference = F7C29F9D2A2E1057006116BA /* ComposableArchitectureProjectUITests.xctest */;
			productType = "com.apple.product-type.bundle.ui-testing";
		};
/* End PBXNativeTarget section */

/* Begin PBXProject section */
		F7C29F752A2E1054006116BA /* Project object */ = {
			isa = PBXProject;
			attributes = {
				BuildIndependentTargetsInParallel = 1;
				LastSwiftUpdateCheck = 1410;
				LastUpgradeCheck = 1410;
				TargetAttributes = {
					F7C29F7C2A2E1054006116BA = {
						CreatedOnToolsVersion = 14.1;
					};
					F7C29F922A2E1056006116BA = {
						CreatedOnToolsVersion = 14.1;
						TestTargetID = F7C29F7C2A2E1054006116BA;
					};
					F7C29F9C2A2E1057006116BA = {
						CreatedOnToolsVersion = 14.1;
						TestTargetID = F7C29F7C2A2E1054006116BA;
					};
				};
			};
			buildConfigurationList = F7C29F782A2E1054006116BA /* Build configuration list for PBXProject "ComposableArchitectureProject" */;
			compatibilityVersion = "Xcode 14.0";
			developmentRegion = en;
			hasScannedForEncodings = 0;
			knownRegions = (
				en,
				Base,
			);
			mainGroup = F7C29F742A2E1054006116BA;
			packageReferences = (
				F7C29FB02A2E10A7006116BA /* XCRemoteSwiftPackageReference "swift-composable-architecture" */,
				F7877A2D2A2E283E00A19507 /* XCRemoteSwiftPackageReference "TinyConstraints" */,
			);
			productRefGroup = F7C29F7E2A2E1055006116BA /* Products */;
			projectDirPath = "";
			projectRoot = "";
			targets = (
				F7C29F7C2A2E1054006116BA /* ComposableArchitectureProject */,
				F7C29F922A2E1056006116BA /* ComposableArchitectureProjectTests */,
				F7C29F9C2A2E1057006116BA /* ComposableArchitectureProjectUITests */,
			);
		};
/* End PBXProject section */

/* Begin PBXResourcesBuildPhase section */
		F7C29F7B2A2E1054006116BA /* Resources */ = {
			isa = PBXResourcesBuildPhase;
			buildActionMask = 2147483647;
			files = (
				F7C29F8D2A2E1056006116BA /* LaunchScreen.storyboard in Resources */,
				F7C29F8A2A2E1056006116BA /* Assets.xcassets in Resources */,
			);
			runOnlyForDeploymentPostprocessing = 0;
		};
		F7C29F912A2E1056006116BA /* Resources */ = {
			isa = PBXResourcesBuildPhase;
			buildActionMask = 2147483647;
			files = (
			);
			runOnlyForDeploymentPostprocessing = 0;
		};
		F7C29F9B2A2E1057006116BA /* Resources */ = {
			isa = PBXResourcesBuildPhase;
			buildActionMask = 2147483647;
			files = (
			);
			runOnlyForDeploymentPostprocessing = 0;
		};
/* End PBXResourcesBuildPhase section */

/* Begin PBXSourcesBuildPhase section */
		F7C29F792A2E1054006116BA /* Sources */ = {
			isa = PBXSourcesBuildPhase;
			buildActionMask = 2147483647;
			files = (
				F787EBCD2A3213E0002993B0 /* CheckBox.swift in Sources */,
				F7C29F852A2E1055006116BA /* ViewController.swift in Sources */,
				F7C29F812A2E1055006116BA /* AppDelegate.swift in Sources */,
				F7877A322A2E2B4900A19507 /* ViewControllerView.swift in Sources */,
				F7877A352A2E2E4300A19507 /* TableViewCell.swift in Sources */,
				F7C29F832A2E1055006116BA /* SceneDelegate.swift in Sources */,
				F7877A2C2A2E268E00A19507 /* ThingsToBuyListFeature.swift in Sources */,
				F7877A372A2E37DF00A19507 /* Extensions.swift in Sources */,
			);
			runOnlyForDeploymentPostprocessing = 0;
		};
		F7C29F8F2A2E1056006116BA /* Sources */ = {
			isa = PBXSourcesBuildPhase;
			buildActionMask = 2147483647;
			files = (
				F7C29F982A2E1056006116BA /* ComposableArchitectureProjectTests.swift in Sources */,
			);
			runOnlyForDeploymentPostprocessing = 0;
		};
		F7C29F992A2E1057006116BA /* Sources */ = {
			isa = PBXSourcesBuildPhase;
			buildActionMask = 2147483647;
			files = (
				F7C29FA42A2E1057006116BA /* ComposableArchitectureProjectUITestsLaunchTests.swift in Sources */,
				F7C29FA22A2E1057006116BA /* ComposableArchitectureProjectUITests.swift in Sources */,
			);
			runOnlyForDeploymentPostprocessing = 0;
		};
/* End PBXSourcesBuildPhase section */

/* Begin PBXTargetDependency section */
		F7C29F952A2E1056006116BA /* PBXTargetDependency */ = {
			isa = PBXTargetDependency;
			target = F7C29F7C2A2E1054006116BA /* ComposableArchitectureProject */;
			targetProxy = F7C29F942A2E1056006116BA /* PBXContainerItemProxy */;
		};
		F7C29F9F2A2E1057006116BA /* PBXTargetDependency */ = {
			isa = PBXTargetDependency;
			target = F7C29F7C2A2E1054006116BA /* ComposableArchitectureProject */;
			targetProxy = F7C29F9E2A2E1057006116BA /* PBXContainerItemProxy */;
		};
/* End PBXTargetDependency section */

/* Begin PBXVariantGroup section */
		F7C29F8B2A2E1056006116BA /* LaunchScreen.storyboard */ = {
			isa = PBXVariantGroup;
			children = (
				F7C29F8C2A2E1056006116BA /* Base */,
			);
			name = LaunchScreen.storyboard;
			sourceTree = "<group>";
		};
/* End PBXVariantGroup section */

/* Begin XCBuildConfiguration section */
		F7C29FA52A2E1057006116BA /* Debug */ = {
			isa = XCBuildConfiguration;
			buildSettings = {
				ALWAYS_SEARCH_USER_PATHS = NO;
				CLANG_ANALYZER_NONNULL = YES;
				CLANG_ANALYZER_NUMBER_OBJECT_CONVERSION = YES_AGGRESSIVE;
				CLANG_CXX_LANGUAGE_STANDARD = "gnu++20";
				CLANG_ENABLE_MODULES = YES;
				CLANG_ENABLE_OBJC_ARC = YES;
				CLANG_ENABLE_OBJC_WEAK = YES;
				CLANG_WARN_BLOCK_CAPTURE_AUTORELEASING = YES;
				CLANG_WARN_BOOL_CONVERSION = YES;
				CLANG_WARN_COMMA = YES;
				CLANG_WARN_CONSTANT_CONVERSION = YES;
				CLANG_WARN_DEPRECATED_OBJC_IMPLEMENTATIONS = YES;
				CLANG_WARN_DIRECT_OBJC_ISA_USAGE = YES_ERROR;
				CLANG_WARN_DOCUMENTATION_COMMENTS = YES;
				CLANG_WARN_EMPTY_BODY = YES;
				CLANG_WARN_ENUM_CONVERSION = YES;
				CLANG_WARN_INFINITE_RECURSION = YES;
				CLANG_WARN_INT_CONVERSION = YES;
				CLANG_WARN_NON_LITERAL_NULL_CONVERSION = YES;
				CLANG_WARN_OBJC_IMPLICIT_RETAIN_SELF = YES;
				CLANG_WARN_OBJC_LITERAL_CONVERSION = YES;
				CLANG_WARN_OBJC_ROOT_CLASS = YES_ERROR;
				CLANG_WARN_QUOTED_INCLUDE_IN_FRAMEWORK_HEADER = YES;
				CLANG_WARN_RANGE_LOOP_ANALYSIS = YES;
				CLANG_WARN_STRICT_PROTOTYPES = YES;
				CLANG_WARN_SUSPICIOUS_MOVE = YES;
				CLANG_WARN_UNGUARDED_AVAILABILITY = YES_AGGRESSIVE;
				CLANG_WARN_UNREACHABLE_CODE = YES;
				CLANG_WARN__DUPLICATE_METHOD_MATCH = YES;
				COPY_PHASE_STRIP = NO;
				DEBUG_INFORMATION_FORMAT = dwarf;
				ENABLE_STRICT_OBJC_MSGSEND = YES;
				ENABLE_TESTABILITY = YES;
				GCC_C_LANGUAGE_STANDARD = gnu11;
				GCC_DYNAMIC_NO_PIC = NO;
				GCC_NO_COMMON_BLOCKS = YES;
				GCC_OPTIMIZATION_LEVEL = 0;
				GCC_PREPROCESSOR_DEFINITIONS = (
					"DEBUG=1",
					"$(inherited)",
				);
				GCC_WARN_64_TO_32_BIT_CONVERSION = YES;
				GCC_WARN_ABOUT_RETURN_TYPE = YES_ERROR;
				GCC_WARN_UNDECLARED_SELECTOR = YES;
				GCC_WARN_UNINITIALIZED_AUTOS = YES_AGGRESSIVE;
				GCC_WARN_UNUSED_FUNCTION = YES;
				GCC_WARN_UNUSED_VARIABLE = YES;
				IPHONEOS_DEPLOYMENT_TARGET = 16.1;
				MTL_ENABLE_DEBUG_INFO = INCLUDE_SOURCE;
				MTL_FAST_MATH = YES;
				ONLY_ACTIVE_ARCH = YES;
				SDKROOT = iphoneos;
				SWIFT_ACTIVE_COMPILATION_CONDITIONS = DEBUG;
				SWIFT_OPTIMIZATION_LEVEL = "-Onone";
			};
			name = Debug;
		};
		F7C29FA62A2E1057006116BA /* Release */ = {
			isa = XCBuildConfiguration;
			buildSettings = {
				ALWAYS_SEARCH_USER_PATHS = NO;
				CLANG_ANALYZER_NONNULL = YES;
				CLANG_ANALYZER_NUMBER_OBJECT_CONVERSION = YES_AGGRESSIVE;
				CLANG_CXX_LANGUAGE_STANDARD = "gnu++20";
				CLANG_ENABLE_MODULES = YES;
				CLANG_ENABLE_OBJC_ARC = YES;
				CLANG_ENABLE_OBJC_WEAK = YES;
				CLANG_WARN_BLOCK_CAPTURE_AUTORELEASING = YES;
				CLANG_WARN_BOOL_CONVERSION = YES;
				CLANG_WARN_COMMA = YES;
				CLANG_WARN_CONSTANT_CONVERSION = YES;
				CLANG_WARN_DEPRECATED_OBJC_IMPLEMENTATIONS = YES;
				CLANG_WARN_DIRECT_OBJC_ISA_USAGE = YES_ERROR;
				CLANG_WARN_DOCUMENTATION_COMMENTS = YES;
				CLANG_WARN_EMPTY_BODY = YES;
				CLANG_WARN_ENUM_CONVERSION = YES;
				CLANG_WARN_INFINITE_RECURSION = YES;
				CLANG_WARN_INT_CONVERSION = YES;
				CLANG_WARN_NON_LITERAL_NULL_CONVERSION = YES;
				CLANG_WARN_OBJC_IMPLICIT_RETAIN_SELF = YES;
				CLANG_WARN_OBJC_LITERAL_CONVERSION = YES;
				CLANG_WARN_OBJC_ROOT_CLASS = YES_ERROR;
				CLANG_WARN_QUOTED_INCLUDE_IN_FRAMEWORK_HEADER = YES;
				CLANG_WARN_RANGE_LOOP_ANALYSIS = YES;
				CLANG_WARN_STRICT_PROTOTYPES = YES;
				CLANG_WARN_SUSPICIOUS_MOVE = YES;
				CLANG_WARN_UNGUARDED_AVAILABILITY = YES_AGGRESSIVE;
				CLANG_WARN_UNREACHABLE_CODE = YES;
				CLANG_WARN__DUPLICATE_METHOD_MATCH = YES;
				COPY_PHASE_STRIP = NO;
				DEBUG_INFORMATION_FORMAT = "dwarf-with-dsym";
				ENABLE_NS_ASSERTIONS = NO;
				ENABLE_STRICT_OBJC_MSGSEND = YES;
				GCC_C_LANGUAGE_STANDARD = gnu11;
				GCC_NO_COMMON_BLOCKS = YES;
				GCC_WARN_64_TO_32_BIT_CONVERSION = YES;
				GCC_WARN_ABOUT_RETURN_TYPE = YES_ERROR;
				GCC_WARN_UNDECLARED_SELECTOR = YES;
				GCC_WARN_UNINITIALIZED_AUTOS = YES_AGGRESSIVE;
				GCC_WARN_UNUSED_FUNCTION = YES;
				GCC_WARN_UNUSED_VARIABLE = YES;
				IPHONEOS_DEPLOYMENT_TARGET = 16.1;
				MTL_ENABLE_DEBUG_INFO = NO;
				MTL_FAST_MATH = YES;
				SDKROOT = iphoneos;
				SWIFT_COMPILATION_MODE = wholemodule;
				SWIFT_OPTIMIZATION_LEVEL = "-O";
				VALIDATE_PRODUCT = YES;
			};
			name = Release;
		};
		F7C29FA82A2E1057006116BA /* Debug */ = {
			isa = XCBuildConfiguration;
			buildSettings = {
				ASSETCATALOG_COMPILER_APPICON_NAME = AppIcon;
				ASSETCATALOG_COMPILER_GLOBAL_ACCENT_COLOR_NAME = AccentColor;
				CODE_SIGN_STYLE = Automatic;
				CURRENT_PROJECT_VERSION = 1;
				DEVELOPMENT_TEAM = RGUBWAHP64;
				GENERATE_INFOPLIST_FILE = YES;
				INFOPLIST_FILE = ComposableArchitectureProject/Info.plist;
				INFOPLIST_KEY_UIApplicationSupportsIndirectInputEvents = YES;
				INFOPLIST_KEY_UILaunchStoryboardName = LaunchScreen;
				INFOPLIST_KEY_UIMainStoryboardFile = "";
				INFOPLIST_KEY_UISupportedInterfaceOrientations_iPad = "UIInterfaceOrientationPortrait UIInterfaceOrientationPortraitUpsideDown UIInterfaceOrientationLandscapeLeft UIInterfaceOrientationLandscapeRight";
				INFOPLIST_KEY_UISupportedInterfaceOrientations_iPhone = "UIInterfaceOrientationPortrait UIInterfaceOrientationLandscapeLeft UIInterfaceOrientationLandscapeRight";
				LD_RUNPATH_SEARCH_PATHS = (
					"$(inherited)",
					"@executable_path/Frameworks",
				);
				MARKETING_VERSION = 1.0;
				PRODUCT_BUNDLE_IDENTIFIER = com.lgc.ComposableArchitectureProject;
				PRODUCT_NAME = "$(TARGET_NAME)";
				SWIFT_EMIT_LOC_STRINGS = YES;
				SWIFT_VERSION = 5.0;
				TARGETED_DEVICE_FAMILY = "1,2";
			};
			name = Debug;
		};
		F7C29FA92A2E1057006116BA /* Release */ = {
			isa = XCBuildConfiguration;
			buildSettings = {
				ASSETCATALOG_COMPILER_APPICON_NAME = AppIcon;
				ASSETCATALOG_COMPILER_GLOBAL_ACCENT_COLOR_NAME = AccentColor;
				CODE_SIGN_STYLE = Automatic;
				CURRENT_PROJECT_VERSION = 1;
				DEVELOPMENT_TEAM = RGUBWAHP64;
				GENERATE_INFOPLIST_FILE = YES;
				INFOPLIST_FILE = ComposableArchitectureProject/Info.plist;
				INFOPLIST_KEY_UIApplicationSupportsIndirectInputEvents = YES;
				INFOPLIST_KEY_UILaunchStoryboardName = LaunchScreen;
				INFOPLIST_KEY_UIMainStoryboardFile = "";
				INFOPLIST_KEY_UISupportedInterfaceOrientations_iPad = "UIInterfaceOrientationPortrait UIInterfaceOrientationPortraitUpsideDown UIInterfaceOrientationLandscapeLeft UIInterfaceOrientationLandscapeRight";
				INFOPLIST_KEY_UISupportedInterfaceOrientations_iPhone = "UIInterfaceOrientationPortrait UIInterfaceOrientationLandscapeLeft UIInterfaceOrientationLandscapeRight";
				LD_RUNPATH_SEARCH_PATHS = (
					"$(inherited)",
					"@executable_path/Frameworks",
				);
				MARKETING_VERSION = 1.0;
				PRODUCT_BUNDLE_IDENTIFIER = com.lgc.ComposableArchitectureProject;
				PRODUCT_NAME = "$(TARGET_NAME)";
				SWIFT_EMIT_LOC_STRINGS = YES;
				SWIFT_VERSION = 5.0;
				TARGETED_DEVICE_FAMILY = "1,2";
			};
			name = Release;
		};
		F7C29FAB2A2E1057006116BA /* Debug */ = {
			isa = XCBuildConfiguration;
			buildSettings = {
				ALWAYS_EMBED_SWIFT_STANDARD_LIBRARIES = YES;
				BUNDLE_LOADER = "$(TEST_HOST)";
				CODE_SIGN_STYLE = Automatic;
				CURRENT_PROJECT_VERSION = 1;
				DEVELOPMENT_TEAM = RGUBWAHP64;
				GENERATE_INFOPLIST_FILE = YES;
				IPHONEOS_DEPLOYMENT_TARGET = 16.1;
				MARKETING_VERSION = 1.0;
				PRODUCT_BUNDLE_IDENTIFIER = com.lgc.ComposableArchitectureProjectTests;
				PRODUCT_NAME = "$(TARGET_NAME)";
				SWIFT_EMIT_LOC_STRINGS = NO;
				SWIFT_VERSION = 5.0;
				TARGETED_DEVICE_FAMILY = "1,2";
				TEST_HOST = "$(BUILT_PRODUCTS_DIR)/ComposableArchitectureProject.app/$(BUNDLE_EXECUTABLE_FOLDER_PATH)/ComposableArchitectureProject";
			};
			name = Debug;
		};
		F7C29FAC2A2E1057006116BA /* Release */ = {
			isa = XCBuildConfiguration;
			buildSettings = {
				ALWAYS_EMBED_SWIFT_STANDARD_LIBRARIES = YES;
				BUNDLE_LOADER = "$(TEST_HOST)";
				CODE_SIGN_STYLE = Automatic;
				CURRENT_PROJECT_VERSION = 1;
				DEVELOPMENT_TEAM = RGUBWAHP64;
				GENERATE_INFOPLIST_FILE = YES;
				IPHONEOS_DEPLOYMENT_TARGET = 16.1;
				MARKETING_VERSION = 1.0;
				PRODUCT_BUNDLE_IDENTIFIER = com.lgc.ComposableArchitectureProjectTests;
				PRODUCT_NAME = "$(TARGET_NAME)";
				SWIFT_EMIT_LOC_STRINGS = NO;
				SWIFT_VERSION = 5.0;
				TARGETED_DEVICE_FAMILY = "1,2";
				TEST_HOST = "$(BUILT_PRODUCTS_DIR)/ComposableArchitectureProject.app/$(BUNDLE_EXECUTABLE_FOLDER_PATH)/ComposableArchitectureProject";
			};
			name = Release;
		};
		F7C29FAE2A2E1057006116BA /* Debug */ = {
			isa = XCBuildConfiguration;
			buildSettings = {
				ALWAYS_EMBED_SWIFT_STANDARD_LIBRARIES = YES;
				CODE_SIGN_STYLE = Automatic;
				CURRENT_PROJECT_VERSION = 1;
				DEVELOPMENT_TEAM = RGUBWAHP64;
				GENERATE_INFOPLIST_FILE = YES;
				MARKETING_VERSION = 1.0;
				PRODUCT_BUNDLE_IDENTIFIER = com.lgc.ComposableArchitectureProjectUITests;
				PRODUCT_NAME = "$(TARGET_NAME)";
				SWIFT_EMIT_LOC_STRINGS = NO;
				SWIFT_VERSION = 5.0;
				TARGETED_DEVICE_FAMILY = "1,2";
				TEST_TARGET_NAME = ComposableArchitectureProject;
			};
			name = Debug;
		};
		F7C29FAF2A2E1057006116BA /* Release */ = {
			isa = XCBuildConfiguration;
			buildSettings = {
				ALWAYS_EMBED_SWIFT_STANDARD_LIBRARIES = YES;
				CODE_SIGN_STYLE = Automatic;
				CURRENT_PROJECT_VERSION = 1;
				DEVELOPMENT_TEAM = RGUBWAHP64;
				GENERATE_INFOPLIST_FILE = YES;
				MARKETING_VERSION = 1.0;
				PRODUCT_BUNDLE_IDENTIFIER = com.lgc.ComposableArchitectureProjectUITests;
				PRODUCT_NAME = "$(TARGET_NAME)";
				SWIFT_EMIT_LOC_STRINGS = NO;
				SWIFT_VERSION = 5.0;
				TARGETED_DEVICE_FAMILY = "1,2";
				TEST_TARGET_NAME = ComposableArchitectureProject;
			};
			name = Release;
		};
/* End XCBuildConfiguration section */

/* Begin XCConfigurationList section */
		F7C29F782A2E1054006116BA /* Build configuration list for PBXProject "ComposableArchitectureProject" */ = {
			isa = XCConfigurationList;
			buildConfigurations = (
				F7C29FA52A2E1057006116BA /* Debug */,
				F7C29FA62A2E1057006116BA /* Release */,
			);
			defaultConfigurationIsVisible = 0;
			defaultConfigurationName = Release;
		};
		F7C29FA72A2E1057006116BA /* Build configuration list for PBXNativeTarget "ComposableArchitectureProject" */ = {
			isa = XCConfigurationList;
			buildConfigurations = (
				F7C29FA82A2E1057006116BA /* Debug */,
				F7C29FA92A2E1057006116BA /* Release */,
			);
			defaultConfigurationIsVisible = 0;
			defaultConfigurationName = Release;
		};
		F7C29FAA2A2E1057006116BA /* Build configuration list for PBXNativeTarget "ComposableArchitectureProjectTests" */ = {
			isa = XCConfigurationList;
			buildConfigurations = (
				F7C29FAB2A2E1057006116BA /* Debug */,
				F7C29FAC2A2E1057006116BA /* Release */,
			);
			defaultConfigurationIsVisible = 0;
			defaultConfigurationName = Release;
		};
		F7C29FAD2A2E1057006116BA /* Build configuration list for PBXNativeTarget "ComposableArchitectureProjectUITests" */ = {
			isa = XCConfigurationList;
			buildConfigurations = (
				F7C29FAE2A2E1057006116BA /* Debug */,
				F7C29FAF2A2E1057006116BA /* Release */,
			);
			defaultConfigurationIsVisible = 0;
			defaultConfigurationName = Release;
		};
/* End XCConfigurationList section */

/* Begin XCRemoteSwiftPackageReference section */
		F7877A2D2A2E283E00A19507 /* XCRemoteSwiftPackageReference "TinyConstraints" */ = {
			isa = XCRemoteSwiftPackageReference;
			repositoryURL = "https://github.com/roberthein/TinyConstraints.git";
			requirement = {
				kind = upToNextMajorVersion;
				minimumVersion = 4.0.0;
			};
		};
		F7C29FB02A2E10A7006116BA /* XCRemoteSwiftPackageReference "swift-composable-architecture" */ = {
			isa = XCRemoteSwiftPackageReference;
			repositoryURL = "https://github.com/pointfreeco/swift-composable-architecture";
			requirement = {
				kind = revision;
				revision = 9c640d072e4aff1370d441f6a5847676886efa2c;
			};
		};
/* End XCRemoteSwiftPackageReference section */

/* Begin XCSwiftPackageProductDependency section */
		F7877A2E2A2E283E00A19507 /* TinyConstraints */ = {
			isa = XCSwiftPackageProductDependency;
			package = F7877A2D2A2E283E00A19507 /* XCRemoteSwiftPackageReference "TinyConstraints" */;
			productName = TinyConstraints;
		};
		F7C29FB12A2E10A7006116BA /* ComposableArchitecture */ = {
			isa = XCSwiftPackageProductDependency;
			package = F7C29FB02A2E10A7006116BA /* XCRemoteSwiftPackageReference "swift-composable-architecture" */;
			productName = ComposableArchitecture;
		};
/* End XCSwiftPackageProductDependency section */
	};
	rootObject = F7C29F752A2E1054006116BA /* Project object */;
}
